
Microsoft Visual Studio Solution File, Format Version 12.00
# Visual Studio Version 16
VisualStudioVersion = 16.0.30114.105
MinimumVisualStudioVersion = 10.0.40219.1
Project("{9A19103F-16F7-4668-BE54-9A1E7A4F7556}") = "console-teleprompter", "console-teleprompter.csproj", "{C9751E17-EAA5-44B7-8193-0C6778EF3449}"
EndProject
Global
	GlobalSection(SolutionConfigurationPlatforms) = preSolution
		Debug|Any CPU = Debug|Any CPU
		Release|Any CPU = Release|Any CPU
	EndGlobalSection
	GlobalSection(ProjectConfigurationPlatforms) = postSolution
		{C9751E17-EAA5-44B7-8193-0C6778EF3449}.Debug|Any CPU.ActiveCfg = Debug|Any CPU
		{C9751E17-EAA5-44B7-8193-0C6778EF3449}.Debug|Any CPU.Build.0 = Debug|Any CPU
		{C9751E17-EAA5-44B7-8193-0C6778EF3449}.Release|Any CPU.ActiveCfg = Release|Any CPU
		{C9751E17-EAA5-44B7-8193-0C6778EF3449}.Release|Any CPU.Build.0 = Release|Any CPU
	EndGlobalSection
	GlobalSection(SolutionProperties) = preSolution
		HideSolutionNode = FALSE
	EndGlobalSection
	GlobalSection(ExtensibilityGlobals) = postSolution
		SolutionGuid = {0064DFC4-B69A-4E30-B21B-14266D938B02}
	EndGlobalSection
EndGlobal
